
Microsoft Visual Studio Solution File, Format Version 12.00
# Visual Studio Version 16
VisualStudioVersion = 16.0.32630.194
MinimumVisualStudioVersion = 10.0.40219.1
Project("{9A19103F-16F7-4668-BE54-9A1E7A4F7556}") = "create_dat", "create_dat\create_dat.csproj", "{DC2345E8-F22A-45E6-AEE8-E7F2FE7AD64C}"
EndProject
Project("{D954291E-2A0B-460D-934E-DC6B0785DB48}") = "SharedProject", "SharedProject\SharedProject.shproj", "{DADBF800-B2CE-47D2-9E7C-1BB8716C9C29}"
EndProject
Global
	GlobalSection(SharedMSBuildProjectFiles) = preSolution
		SharedProject\SharedProject.projitems*{dadbf800-b2ce-47d2-9e7c-1bb8716c9c29}*SharedItemsImports = 13
		SharedProject\SharedProject.projitems*{dc2345e8-f22a-45e6-aee8-e7f2fe7ad64c}*SharedItemsImports = 5
	EndGlobalSection
	GlobalSection(SolutionConfigurationPlatforms) = preSolution
		Debug|Any CPU = Debug|Any CPU
		Release|Any CPU = Release|Any CPU
	EndGlobalSection
	GlobalSection(ProjectConfigurationPlatforms) = postSolution
		{DC2345E8-F22A-45E6-AEE8-E7F2FE7AD64C}.Debug|Any CPU.ActiveCfg = Debug|Any CPU
		{DC2345E8-F22A-45E6-AEE8-E7F2FE7AD64C}.Debug|Any CPU.Build.0 = Debug|Any CPU
		{DC2345E8-F22A-45E6-AEE8-E7F2FE7AD64C}.Release|Any CPU.ActiveCfg = Release|Any CPU
		{DC2345E8-F22A-45E6-AEE8-E7F2FE7AD64C}.Release|Any CPU.Build.0 = Release|Any CPU
	EndGlobalSection
	GlobalSection(SolutionProperties) = preSolution
		HideSolutionNode = FALSE
	EndGlobalSection
	GlobalSection(ExtensibilityGlobals) = postSolution
		SolutionGuid = {90C25873-72E4-4C31-8BF5-9416A261E3B2}
	EndGlobalSection
EndGlobal
